// !$*UTF8*$!
{
	archiveVersion = 1;
	classes = {
	};
	objectVersion = 56;
	objects = {

/* Begin PBXBuildFile section */
		8AD2303D2A699F4C00C967B5 /* SceneButtons.swift in Sources */ = {isa = PBXBuildFile; fileRef = 8AD230352A699F4C00C967B5 /* SceneButtons.swift */; };
		8AD2303E2A699F4C00C967B5 /* SceneApt.swift in Sources */ = {isa = PBXBuildFile; fileRef = 8AD230362A699F4C00C967B5 /* SceneApt.swift */; };
		8AD2303F2A699F4C00C967B5 /* FunctionTestView.swift in Sources */ = {isa = PBXBuildFile; fileRef = 8AD230372A699F4C00C967B5 /* FunctionTestView.swift */; };
		8AD230402A699F4C00C967B5 /* SceneRoom.swift in Sources */ = {isa = PBXBuildFile; fileRef = 8AD230382A699F4C00C967B5 /* SceneRoom.swift */; };
		8AD230412A699F4C00C967B5 /* SceneWeather.swift in Sources */ = {isa = PBXBuildFile; fileRef = 8AD230392A699F4C00C967B5 /* SceneWeather.swift */; };
		8AD230422A699F4C00C967B5 /* EyeActive.swift in Sources */ = {isa = PBXBuildFile; fileRef = 8AD2303A2A699F4C00C967B5 /* EyeActive.swift */; };
		8AD230432A699F4C00C967B5 /* EyeInactive.swift in Sources */ = {isa = PBXBuildFile; fileRef = 8AD2303B2A699F4C00C967B5 /* EyeInactive.swift */; };
		8AD230442A699F4C00C967B5 /* SceneBackground.swift in Sources */ = {isa = PBXBuildFile; fileRef = 8AD2303C2A699F4C00C967B5 /* SceneBackground.swift */; };
		DA904E332A6A361700CC14D9 /* StampLargeView.swift in Sources */ = {isa = PBXBuildFile; fileRef = DA904E312A6A361700CC14D9 /* StampLargeView.swift */; };
		DA904E342A6A361700CC14D9 /* StampButtons.swift in Sources */ = {isa = PBXBuildFile; fileRef = DA904E322A6A361700CC14D9 /* StampButtons.swift */; };
		E325006A2A6A624C00A24207 /* GoogleService-Info.plist in Resources */ = {isa = PBXBuildFile; fileRef = E32500692A6A624C00A24207 /* GoogleService-Info.plist */; };
		E32E3E182A6951B600B865E8 /* NoonMoaAptApp.swift in Sources */ = {isa = PBXBuildFile; fileRef = E32E3E172A6951B600B865E8 /* NoonMoaAptApp.swift */; };
		E32E3E1F2A6951B700B865E8 /* Preview Assets.xcassets in Resources */ = {isa = PBXBuildFile; fileRef = E32E3E1E2A6951B700B865E8 /* Preview Assets.xcassets */; };
		E32E3E642A6951CE00B865E8 /* AttendanceCompletedView.swift in Sources */ = {isa = PBXBuildFile; fileRef = E32E3E4A2A6951CE00B865E8 /* AttendanceCompletedView.swift */; };
		E32E3E652A6951CE00B865E8 /* AttendanceView.swift in Sources */ = {isa = PBXBuildFile; fileRef = E32E3E4B2A6951CE00B865E8 /* AttendanceView.swift */; };
		E32E3E662A6951CE00B865E8 /* LoginView.swift in Sources */ = {isa = PBXBuildFile; fileRef = E32E3E4C2A6951CE00B865E8 /* LoginView.swift */; };
		E32E3E672A6951CE00B865E8 /* AptView.swift in Sources */ = {isa = PBXBuildFile; fileRef = E32E3E4D2A6951CE00B865E8 /* AptView.swift */; };
		E32E3E682A6951CE00B865E8 /* CalendarFullView.swift in Sources */ = {isa = PBXBuildFile; fileRef = E32E3E4E2A6951CE00B865E8 /* CalendarFullView.swift */; };
		E32E3E692A6951CE00B865E8 /* CalendarSingleView.swift in Sources */ = {isa = PBXBuildFile; fileRef = E32E3E4F2A6951CE00B865E8 /* CalendarSingleView.swift */; };
		E32E3E6A2A6951CE00B865E8 /* MainView.swift in Sources */ = {isa = PBXBuildFile; fileRef = E32E3E502A6951CE00B865E8 /* MainView.swift */; };
		E32E3E6B2A6951CE00B865E8 /* CalendarSingleController.swift in Sources */ = {isa = PBXBuildFile; fileRef = E32E3E522A6951CE00B865E8 /* CalendarSingleController.swift */; };
		E32E3E6C2A6951CE00B865E8 /* CalendarFullViewModel.swift in Sources */ = {isa = PBXBuildFile; fileRef = E32E3E532A6951CE00B865E8 /* CalendarFullViewModel.swift */; };
		E32E3E6D2A6951CE00B865E8 /* LoginViewModel.swift in Sources */ = {isa = PBXBuildFile; fileRef = E32E3E542A6951CE00B865E8 /* LoginViewModel.swift */; };
		E32E3E6E2A6951CE00B865E8 /* FirebaseModel.swift in Sources */ = {isa = PBXBuildFile; fileRef = E32E3E552A6951CE00B865E8 /* FirebaseModel.swift */; };
		E32E3E6F2A6951CE00B865E8 /* DummyData.swift in Sources */ = {isa = PBXBuildFile; fileRef = E32E3E562A6951CE00B865E8 /* DummyData.swift */; };
		E32E3E702A6951CE00B865E8 /* AttendanceCompletedViewModel.swift in Sources */ = {isa = PBXBuildFile; fileRef = E32E3E572A6951CE00B865E8 /* AttendanceCompletedViewModel.swift */; };
		E32E3E712A6951CE00B865E8 /* ViewRouter.swift in Sources */ = {isa = PBXBuildFile; fileRef = E32E3E582A6951CE00B865E8 /* ViewRouter.swift */; };
		E32E3E722A6951CE00B865E8 /* AttendanceViewModel.swift in Sources */ = {isa = PBXBuildFile; fileRef = E32E3E592A6951CE00B865E8 /* AttendanceViewModel.swift */; };
		E32E3E732A6951CE00B865E8 /* AptViewModel.swift in Sources */ = {isa = PBXBuildFile; fileRef = E32E3E5A2A6951CE00B865E8 /* AptViewModel.swift */; };
		E32E3E7A2A69526600B865E8 /* FirebaseAnalytics in Frameworks */ = {isa = PBXBuildFile; productRef = E32E3E792A69526600B865E8 /* FirebaseAnalytics */; };
		E32E3E7C2A69526600B865E8 /* FirebaseAuth in Frameworks */ = {isa = PBXBuildFile; productRef = E32E3E7B2A69526600B865E8 /* FirebaseAuth */; };
		E32E3E7E2A69526600B865E8 /* FirebaseAuthCombine-Community in Frameworks */ = {isa = PBXBuildFile; productRef = E32E3E7D2A69526600B865E8 /* FirebaseAuthCombine-Community */; };
		E32E3E802A69526600B865E8 /* FirebaseFirestore in Frameworks */ = {isa = PBXBuildFile; productRef = E32E3E7F2A69526600B865E8 /* FirebaseFirestore */; };
		E32E3E822A69526600B865E8 /* FirebaseFirestoreCombine-Community in Frameworks */ = {isa = PBXBuildFile; productRef = E32E3E812A69526600B865E8 /* FirebaseFirestoreCombine-Community */; };
		E32E3E842A69526600B865E8 /* FirebaseFirestoreSwift in Frameworks */ = {isa = PBXBuildFile; productRef = E32E3E832A69526600B865E8 /* FirebaseFirestoreSwift */; };
		E32E3E862A69526600B865E8 /* FirebaseInAppMessaging-Beta in Frameworks */ = {isa = PBXBuildFile; productRef = E32E3E852A69526600B865E8 /* FirebaseInAppMessaging-Beta */; };
		E32E3E882A69526600B865E8 /* FirebaseInAppMessagingSwift-Beta in Frameworks */ = {isa = PBXBuildFile; productRef = E32E3E872A69526600B865E8 /* FirebaseInAppMessagingSwift-Beta */; };
		E32E3E8A2A69526600B865E8 /* FirebaseMessaging in Frameworks */ = {isa = PBXBuildFile; productRef = E32E3E892A69526600B865E8 /* FirebaseMessaging */; };
		E32E3E8D2A69527F00B865E8 /* SwiftUICalendar in Frameworks */ = {isa = PBXBuildFile; productRef = E32E3E8C2A69527F00B865E8 /* SwiftUICalendar */; };
		E3CBB3E32A6972F900195326 /* WeatherViewModel.swift in Sources */ = {isa = PBXBuildFile; fileRef = E3CBB3E12A6972F900195326 /* WeatherViewModel.swift */; };
		E3CBB3E42A6972F900195326 /* TimeViewModel.swift in Sources */ = {isa = PBXBuildFile; fileRef = E3CBB3E22A6972F900195326 /* TimeViewModel.swift */; };
		E3CBB3EF2A69731700195326 /* EyeTrackViewModel.swift in Sources */ = {isa = PBXBuildFile; fileRef = E3CBB3EB2A69731700195326 /* EyeTrackViewModel.swift */; };
		E3F739232A6A540000E5F291 /* Struct.swift in Sources */ = {isa = PBXBuildFile; fileRef = E3F7391D2A6A540000E5F291 /* Struct.swift */; };
		E3F739242A6A540000E5F291 /* CalendarMonthView.swift in Sources */ = {isa = PBXBuildFile; fileRef = E3F739212A6A540000E5F291 /* CalendarMonthView.swift */; };
		E3F739252A6A540000E5F291 /* Global.swift in Sources */ = {isa = PBXBuildFile; fileRef = E3F7391A2A6A540000E5F291 /* Global.swift */; };
		E3F739262A6A540000E5F291 /* CalendarDayView.swift in Sources */ = {isa = PBXBuildFile; fileRef = E3F739202A6A540000E5F291 /* CalendarDayView.swift */; };
		E3F739272A6A540000E5F291 /* CalendarController.swift in Sources */ = {isa = PBXBuildFile; fileRef = E3F7391C2A6A540000E5F291 /* CalendarController.swift */; };
		E3F739282A6A540000E5F291 /* MonthView.swift in Sources */ = {isa = PBXBuildFile; fileRef = E3F739182A6A540000E5F291 /* MonthView.swift */; };
		E3F739292A6A540000E5F291 /* InfinitePagerView.swift in Sources */ = {isa = PBXBuildFile; fileRef = E3F739192A6A540000E5F291 /* InfinitePagerView.swift */; };
		E3F7392A2A6A540000E5F291 /* CalendarView.swift in Sources */ = {isa = PBXBuildFile; fileRef = E3F739222A6A540000E5F291 /* CalendarView.swift */; };
		E3F7392B2A6A540000E5F291 /* CalendarGridView.swift in Sources */ = {isa = PBXBuildFile; fileRef = E3F7391E2A6A540000E5F291 /* CalendarGridView.swift */; };
		E3F7392C2A6A540000E5F291 /* WeekView.swift in Sources */ = {isa = PBXBuildFile; fileRef = E3F739172A6A540000E5F291 /* WeekView.swift */; };
		E3F7392D2A6A540000E5F291 /* DayView.swift in Sources */ = {isa = PBXBuildFile; fileRef = E3F7391B2A6A540000E5F291 /* DayView.swift */; };
		E3F739342A6A552300E5F291 /* Color+Extension.swift in Sources */ = {isa = PBXBuildFile; fileRef = E3F739332A6A552300E5F291 /* Color+Extension.swift */; };
		E3F739392A6A575F00E5F291 /* Assets.xcassets in Resources */ = {isa = PBXBuildFile; fileRef = E3F739382A6A575F00E5F291 /* Assets.xcassets */; };
		F4A568B12A6A36AC004BD316 /* OnboardingView.swift in Sources */ = {isa = PBXBuildFile; fileRef = F4A568B02A6A36AC004BD316 /* OnboardingView.swift */; };
		F4A568B32A6A36B3004BD316 /* LottieView.swift in Sources */ = {isa = PBXBuildFile; fileRef = F4A568B22A6A36B3004BD316 /* LottieView.swift */; };
/* End PBXBuildFile section */

/* Begin PBXContainerItemProxy section */
		E32E3E252A6951B700B865E8 /* PBXContainerItemProxy */ = {
			isa = PBXContainerItemProxy;
			containerPortal = E32E3E0C2A6951B600B865E8 /* Project object */;
			proxyType = 1;
			remoteGlobalIDString = E32E3E132A6951B600B865E8;
			remoteInfo = NoonMoaApt;
		};
		E32E3E2F2A6951B700B865E8 /* PBXContainerItemProxy */ = {
			isa = PBXContainerItemProxy;
			containerPortal = E32E3E0C2A6951B600B865E8 /* Project object */;
			proxyType = 1;
			remoteGlobalIDString = E32E3E132A6951B600B865E8;
			remoteInfo = NoonMoaApt;
		};
/* End PBXContainerItemProxy section */

/* Begin PBXFileReference section */
		8AD230352A699F4C00C967B5 /* SceneButtons.swift */ = {isa = PBXFileReference; fileEncoding = 4; lastKnownFileType = sourcecode.swift; path = SceneButtons.swift; sourceTree = "<group>"; };
		8AD230362A699F4C00C967B5 /* SceneApt.swift */ = {isa = PBXFileReference; fileEncoding = 4; lastKnownFileType = sourcecode.swift; path = SceneApt.swift; sourceTree = "<group>"; };
		8AD230372A699F4C00C967B5 /* FunctionTestView.swift */ = {isa = PBXFileReference; fileEncoding = 4; lastKnownFileType = sourcecode.swift; path = FunctionTestView.swift; sourceTree = "<group>"; };
		8AD230382A699F4C00C967B5 /* SceneRoom.swift */ = {isa = PBXFileReference; fileEncoding = 4; lastKnownFileType = sourcecode.swift; path = SceneRoom.swift; sourceTree = "<group>"; };
		8AD230392A699F4C00C967B5 /* SceneWeather.swift */ = {isa = PBXFileReference; fileEncoding = 4; lastKnownFileType = sourcecode.swift; path = SceneWeather.swift; sourceTree = "<group>"; };
		8AD2303A2A699F4C00C967B5 /* EyeActive.swift */ = {isa = PBXFileReference; fileEncoding = 4; lastKnownFileType = sourcecode.swift; path = EyeActive.swift; sourceTree = "<group>"; };
		8AD2303B2A699F4C00C967B5 /* EyeInactive.swift */ = {isa = PBXFileReference; fileEncoding = 4; lastKnownFileType = sourcecode.swift; path = EyeInactive.swift; sourceTree = "<group>"; };
		8AD2303C2A699F4C00C967B5 /* SceneBackground.swift */ = {isa = PBXFileReference; fileEncoding = 4; lastKnownFileType = sourcecode.swift; path = SceneBackground.swift; sourceTree = "<group>"; };
		DA904E312A6A361700CC14D9 /* StampLargeView.swift */ = {isa = PBXFileReference; fileEncoding = 4; lastKnownFileType = sourcecode.swift; path = StampLargeView.swift; sourceTree = "<group>"; };
		DA904E322A6A361700CC14D9 /* StampButtons.swift */ = {isa = PBXFileReference; fileEncoding = 4; lastKnownFileType = sourcecode.swift; path = StampButtons.swift; sourceTree = "<group>"; };
		E32500672A6A5FDA00A24207 /* NoonMoaAptTests.xctest */ = {isa = PBXFileReference; explicitFileType = wrapper.cfbundle; includeInIndex = 0; name = NoonMoaAptTests.xctest; path = "/Users/kimpepe/Desktop/ADA/MC3/build/Debug-iphoneos/NoonMoaAptTests.xctest"; sourceTree = "<absolute>"; };
		E32500682A6A5FDA00A24207 /* NoonMoaAptUITests.xctest */ = {isa = PBXFileReference; explicitFileType = wrapper.cfbundle; includeInIndex = 0; name = NoonMoaAptUITests.xctest; path = "/Users/kimpepe/Desktop/ADA/MC3/build/Debug-iphoneos/NoonMoaAptUITests.xctest"; sourceTree = "<absolute>"; };
		E32500692A6A624C00A24207 /* GoogleService-Info.plist */ = {isa = PBXFileReference; fileEncoding = 4; lastKnownFileType = text.plist.xml; path = "GoogleService-Info.plist"; sourceTree = "<group>"; };
		E32E3E172A6951B600B865E8 /* NoonMoaAptApp.swift */ = {isa = PBXFileReference; lastKnownFileType = sourcecode.swift; path = NoonMoaAptApp.swift; sourceTree = "<group>"; };
		E32E3E1E2A6951B700B865E8 /* Preview Assets.xcassets */ = {isa = PBXFileReference; lastKnownFileType = folder.assetcatalog; path = "Preview Assets.xcassets"; sourceTree = "<group>"; };
		E32E3E4A2A6951CE00B865E8 /* AttendanceCompletedView.swift */ = {isa = PBXFileReference; fileEncoding = 4; lastKnownFileType = sourcecode.swift; path = AttendanceCompletedView.swift; sourceTree = "<group>"; };
		E32E3E4B2A6951CE00B865E8 /* AttendanceView.swift */ = {isa = PBXFileReference; fileEncoding = 4; lastKnownFileType = sourcecode.swift; path = AttendanceView.swift; sourceTree = "<group>"; };
		E32E3E4C2A6951CE00B865E8 /* LoginView.swift */ = {isa = PBXFileReference; fileEncoding = 4; lastKnownFileType = sourcecode.swift; path = LoginView.swift; sourceTree = "<group>"; };
		E32E3E4D2A6951CE00B865E8 /* AptView.swift */ = {isa = PBXFileReference; fileEncoding = 4; lastKnownFileType = sourcecode.swift; path = AptView.swift; sourceTree = "<group>"; };
		E32E3E4E2A6951CE00B865E8 /* CalendarFullView.swift */ = {isa = PBXFileReference; fileEncoding = 4; lastKnownFileType = sourcecode.swift; path = CalendarFullView.swift; sourceTree = "<group>"; };
		E32E3E4F2A6951CE00B865E8 /* CalendarSingleView.swift */ = {isa = PBXFileReference; fileEncoding = 4; lastKnownFileType = sourcecode.swift; path = CalendarSingleView.swift; sourceTree = "<group>"; };
		E32E3E502A6951CE00B865E8 /* MainView.swift */ = {isa = PBXFileReference; fileEncoding = 4; lastKnownFileType = sourcecode.swift; path = MainView.swift; sourceTree = "<group>"; };
		E32E3E522A6951CE00B865E8 /* CalendarSingleController.swift */ = {isa = PBXFileReference; fileEncoding = 4; lastKnownFileType = sourcecode.swift; path = CalendarSingleController.swift; sourceTree = "<group>"; };
		E32E3E532A6951CE00B865E8 /* CalendarFullViewModel.swift */ = {isa = PBXFileReference; fileEncoding = 4; lastKnownFileType = sourcecode.swift; path = CalendarFullViewModel.swift; sourceTree = "<group>"; };
		E32E3E542A6951CE00B865E8 /* LoginViewModel.swift */ = {isa = PBXFileReference; fileEncoding = 4; lastKnownFileType = sourcecode.swift; path = LoginViewModel.swift; sourceTree = "<group>"; };
		E32E3E552A6951CE00B865E8 /* FirebaseModel.swift */ = {isa = PBXFileReference; fileEncoding = 4; lastKnownFileType = sourcecode.swift; path = FirebaseModel.swift; sourceTree = "<group>"; };
		E32E3E562A6951CE00B865E8 /* DummyData.swift */ = {isa = PBXFileReference; fileEncoding = 4; lastKnownFileType = sourcecode.swift; path = DummyData.swift; sourceTree = "<group>"; };
		E32E3E572A6951CE00B865E8 /* AttendanceCompletedViewModel.swift */ = {isa = PBXFileReference; fileEncoding = 4; lastKnownFileType = sourcecode.swift; path = AttendanceCompletedViewModel.swift; sourceTree = "<group>"; };
		E32E3E582A6951CE00B865E8 /* ViewRouter.swift */ = {isa = PBXFileReference; fileEncoding = 4; lastKnownFileType = sourcecode.swift; path = ViewRouter.swift; sourceTree = "<group>"; };
		E32E3E592A6951CE00B865E8 /* AttendanceViewModel.swift */ = {isa = PBXFileReference; fileEncoding = 4; lastKnownFileType = sourcecode.swift; path = AttendanceViewModel.swift; sourceTree = "<group>"; };
		E32E3E5A2A6951CE00B865E8 /* AptViewModel.swift */ = {isa = PBXFileReference; fileEncoding = 4; lastKnownFileType = sourcecode.swift; path = AptViewModel.swift; sourceTree = "<group>"; };
		E3CBB3CB2A6967AA00195326 /* NoonMoaApt.entitlements */ = {isa = PBXFileReference; lastKnownFileType = text.plist.entitlements; path = NoonMoaApt.entitlements; sourceTree = "<group>"; };
		E3CBB3E12A6972F900195326 /* WeatherViewModel.swift */ = {isa = PBXFileReference; fileEncoding = 4; lastKnownFileType = sourcecode.swift; path = WeatherViewModel.swift; sourceTree = "<group>"; };
		E3CBB3E22A6972F900195326 /* TimeViewModel.swift */ = {isa = PBXFileReference; fileEncoding = 4; lastKnownFileType = sourcecode.swift; path = TimeViewModel.swift; sourceTree = "<group>"; };
		E3CBB3EB2A69731700195326 /* EyeTrackViewModel.swift */ = {isa = PBXFileReference; fileEncoding = 4; lastKnownFileType = sourcecode.swift; path = EyeTrackViewModel.swift; sourceTree = "<group>"; };
		E3F739152A6A540000E5F291 /* README.md */ = {isa = PBXFileReference; lastKnownFileType = net.daringfireball.markdown; path = README.md; sourceTree = "<group>"; };
		E3F739172A6A540000E5F291 /* WeekView.swift */ = {isa = PBXFileReference; lastKnownFileType = sourcecode.swift; path = WeekView.swift; sourceTree = "<group>"; };
		E3F739182A6A540000E5F291 /* MonthView.swift */ = {isa = PBXFileReference; lastKnownFileType = sourcecode.swift; path = MonthView.swift; sourceTree = "<group>"; };
		E3F739192A6A540000E5F291 /* InfinitePagerView.swift */ = {isa = PBXFileReference; lastKnownFileType = sourcecode.swift; path = InfinitePagerView.swift; sourceTree = "<group>"; };
		E3F7391A2A6A540000E5F291 /* Global.swift */ = {isa = PBXFileReference; lastKnownFileType = sourcecode.swift; path = Global.swift; sourceTree = "<group>"; };
		E3F7391B2A6A540000E5F291 /* DayView.swift */ = {isa = PBXFileReference; lastKnownFileType = sourcecode.swift; path = DayView.swift; sourceTree = "<group>"; };
		E3F7391C2A6A540000E5F291 /* CalendarController.swift */ = {isa = PBXFileReference; lastKnownFileType = sourcecode.swift; path = CalendarController.swift; sourceTree = "<group>"; };
		E3F7391D2A6A540000E5F291 /* Struct.swift */ = {isa = PBXFileReference; lastKnownFileType = sourcecode.swift; path = Struct.swift; sourceTree = "<group>"; };
		E3F7391E2A6A540000E5F291 /* CalendarGridView.swift */ = {isa = PBXFileReference; lastKnownFileType = sourcecode.swift; path = CalendarGridView.swift; sourceTree = "<group>"; };
		E3F739202A6A540000E5F291 /* CalendarDayView.swift */ = {isa = PBXFileReference; lastKnownFileType = sourcecode.swift; path = CalendarDayView.swift; sourceTree = "<group>"; };
		E3F739212A6A540000E5F291 /* CalendarMonthView.swift */ = {isa = PBXFileReference; lastKnownFileType = sourcecode.swift; path = CalendarMonthView.swift; sourceTree = "<group>"; };
		E3F739222A6A540000E5F291 /* CalendarView.swift */ = {isa = PBXFileReference; lastKnownFileType = sourcecode.swift; path = CalendarView.swift; sourceTree = "<group>"; };
		E3F739332A6A552300E5F291 /* Color+Extension.swift */ = {isa = PBXFileReference; lastKnownFileType = sourcecode.swift; path = "Color+Extension.swift"; sourceTree = "<group>"; };
		E3F739352A6A571600E5F291 /* NoonMoaApt.app */ = {isa = PBXFileReference; explicitFileType = wrapper.application; includeInIndex = 0; name = NoonMoaApt.app; path = "/Users/kimpepe/Desktop/ADA/MC3/build/Debug-iphoneos/NoonMoaApt.app"; sourceTree = "<absolute>"; };
		E3F739382A6A575F00E5F291 /* Assets.xcassets */ = {isa = PBXFileReference; lastKnownFileType = folder.assetcatalog; path = Assets.xcassets; sourceTree = "<group>"; };
		F4A568B02A6A36AC004BD316 /* OnboardingView.swift */ = {isa = PBXFileReference; fileEncoding = 4; lastKnownFileType = sourcecode.swift; path = OnboardingView.swift; sourceTree = "<group>"; };
		F4A568B22A6A36B3004BD316 /* LottieView.swift */ = {isa = PBXFileReference; fileEncoding = 4; lastKnownFileType = sourcecode.swift; path = LottieView.swift; sourceTree = "<group>"; };
/* End PBXFileReference section */

/* Begin PBXFrameworksBuildPhase section */
		E32E3E112A6951B600B865E8 /* Frameworks */ = {
			isa = PBXFrameworksBuildPhase;
			buildActionMask = 2147483647;
			files = (
				E32E3E8D2A69527F00B865E8 /* SwiftUICalendar in Frameworks */,
				E32E3E8A2A69526600B865E8 /* FirebaseMessaging in Frameworks */,
				E32E3E7A2A69526600B865E8 /* FirebaseAnalytics in Frameworks */,
				E32E3E862A69526600B865E8 /* FirebaseInAppMessaging-Beta in Frameworks */,
				E32E3E882A69526600B865E8 /* FirebaseInAppMessagingSwift-Beta in Frameworks */,
				E32E3E802A69526600B865E8 /* FirebaseFirestore in Frameworks */,
				E32E3E7E2A69526600B865E8 /* FirebaseAuthCombine-Community in Frameworks */,
				E32E3E822A69526600B865E8 /* FirebaseFirestoreCombine-Community in Frameworks */,
				E32E3E7C2A69526600B865E8 /* FirebaseAuth in Frameworks */,
				E32E3E842A69526600B865E8 /* FirebaseFirestoreSwift in Frameworks */,
			);
			runOnlyForDeploymentPostprocessing = 0;
		};
		E32E3E212A6951B700B865E8 /* Frameworks */ = {
			isa = PBXFrameworksBuildPhase;
			buildActionMask = 2147483647;
			files = (
			);
			runOnlyForDeploymentPostprocessing = 0;
		};
		E32E3E2B2A6951B700B865E8 /* Frameworks */ = {
			isa = PBXFrameworksBuildPhase;
			buildActionMask = 2147483647;
			files = (
			);
			runOnlyForDeploymentPostprocessing = 0;
		};
/* End PBXFrameworksBuildPhase section */

/* Begin PBXGroup section */
		8AD230342A699F4C00C967B5 /* AptScene */ = {
			isa = PBXGroup;
			children = (
				8AD230352A699F4C00C967B5 /* SceneButtons.swift */,
				8AD230362A699F4C00C967B5 /* SceneApt.swift */,
				8AD230372A699F4C00C967B5 /* FunctionTestView.swift */,
				8AD230382A699F4C00C967B5 /* SceneRoom.swift */,
				8AD230392A699F4C00C967B5 /* SceneWeather.swift */,
				8AD2303A2A699F4C00C967B5 /* EyeActive.swift */,
				8AD2303B2A699F4C00C967B5 /* EyeInactive.swift */,
				8AD2303C2A699F4C00C967B5 /* SceneBackground.swift */,
			);
			path = AptScene;
			sourceTree = "<group>";
		};
		DA904E302A6A361700CC14D9 /* CalendarScene */ = {
			isa = PBXGroup;
			children = (
				DA904E312A6A361700CC14D9 /* StampLargeView.swift */,
				DA904E322A6A361700CC14D9 /* StampButtons.swift */,
			);
			path = CalendarScene;
			sourceTree = "<group>";
		};
		E32E3E0B2A6951B600B865E8 = {
			isa = PBXGroup;
			children = (
				E32500692A6A624C00A24207 /* GoogleService-Info.plist */,
				E32E3E162A6951B600B865E8 /* NoonMoaApt */,
			);
			sourceTree = "<group>";
		};
		E32E3E162A6951B600B865E8 /* NoonMoaApt */ = {
			isa = PBXGroup;
			children = (
				E3F739382A6A575F00E5F291 /* Assets.xcassets */,
				E3F739142A6A540000E5F291 /* Calendar */,
				E3CBB3E52A69730700195326 /* Extension */,
				E32E3E512A6951CE00B865E8 /* Model */,
				E32E3E492A6951CE00B865E8 /* View */,
				E3CBB3CB2A6967AA00195326 /* NoonMoaApt.entitlements */,
				E32E3E172A6951B600B865E8 /* NoonMoaAptApp.swift */,
				E32E3E1D2A6951B700B865E8 /* Preview Content */,
			);
			path = NoonMoaApt;
			sourceTree = "<group>";
		};
		E32E3E1D2A6951B700B865E8 /* Preview Content */ = {
			isa = PBXGroup;
			children = (
				E32E3E1E2A6951B700B865E8 /* Preview Assets.xcassets */,
			);
			path = "Preview Content";
			sourceTree = "<group>";
		};
		E32E3E492A6951CE00B865E8 /* View */ = {
			isa = PBXGroup;
			children = (
				DA904E302A6A361700CC14D9 /* CalendarScene */,
				8AD230342A699F4C00C967B5 /* AptScene */,
				E32E3E4E2A6951CE00B865E8 /* CalendarFullView.swift */,
				F4A568B22A6A36B3004BD316 /* LottieView.swift */,
				E32E3E4F2A6951CE00B865E8 /* CalendarSingleView.swift */,
				E32E3E502A6951CE00B865E8 /* MainView.swift */,
				F4A568B02A6A36AC004BD316 /* OnboardingView.swift */,
				E32E3E4A2A6951CE00B865E8 /* AttendanceCompletedView.swift */,
				E32E3E4B2A6951CE00B865E8 /* AttendanceView.swift */,
				E32E3E4C2A6951CE00B865E8 /* LoginView.swift */,
				E32E3E4D2A6951CE00B865E8 /* AptView.swift */,
			);
			path = View;
			sourceTree = "<group>";
		};
		E32E3E512A6951CE00B865E8 /* Model */ = {
			isa = PBXGroup;
			children = (
				E3CBB3EB2A69731700195326 /* EyeTrackViewModel.swift */,
				E3CBB3E22A6972F900195326 /* TimeViewModel.swift */,
				E3CBB3E12A6972F900195326 /* WeatherViewModel.swift */,
				E32E3E542A6951CE00B865E8 /* LoginViewModel.swift */,
				E32E3E592A6951CE00B865E8 /* AttendanceViewModel.swift */,
				E32E3E572A6951CE00B865E8 /* AttendanceCompletedViewModel.swift */,
				E32E3E5A2A6951CE00B865E8 /* AptViewModel.swift */,
				E32E3E522A6951CE00B865E8 /* CalendarSingleController.swift */,
				E32E3E532A6951CE00B865E8 /* CalendarFullViewModel.swift */,
				E32E3E582A6951CE00B865E8 /* ViewRouter.swift */,
				E32E3E552A6951CE00B865E8 /* FirebaseModel.swift */,
				E32E3E562A6951CE00B865E8 /* DummyData.swift */,
			);
			path = Model;
			sourceTree = "<group>";
		};
		E3CBB3E52A69730700195326 /* Extension */ = {
			isa = PBXGroup;
			children = (
				E3F739332A6A552300E5F291 /* Color+Extension.swift */,
			);
			path = Extension;
			sourceTree = "<group>";
		};
		E3F739142A6A540000E5F291 /* Calendar */ = {
			isa = PBXGroup;
			children = (
				E3F739152A6A540000E5F291 /* README.md */,
				E3F7391F2A6A540000E5F291 /* View */,
				E3F739162A6A540000E5F291 /* Class */,
			);
			path = Calendar;
			sourceTree = "<group>";
		};
		E3F739162A6A540000E5F291 /* Class */ = {
			isa = PBXGroup;
			children = (
				E3F7391A2A6A540000E5F291 /* Global.swift */,
				E3F739182A6A540000E5F291 /* MonthView.swift */,
				E3F739192A6A540000E5F291 /* InfinitePagerView.swift */,
				E3F7391E2A6A540000E5F291 /* CalendarGridView.swift */,
				E3F739172A6A540000E5F291 /* WeekView.swift */,
				E3F7391C2A6A540000E5F291 /* CalendarController.swift */,
				E3F7391B2A6A540000E5F291 /* DayView.swift */,
				E3F7391D2A6A540000E5F291 /* Struct.swift */,
			);
			path = Class;
			sourceTree = "<group>";
		};
		E3F7391F2A6A540000E5F291 /* View */ = {
			isa = PBXGroup;
			children = (
				E3F739202A6A540000E5F291 /* CalendarDayView.swift */,
				E3F739212A6A540000E5F291 /* CalendarMonthView.swift */,
				E3F739222A6A540000E5F291 /* CalendarView.swift */,
			);
			path = View;
			sourceTree = "<group>";
		};
/* End PBXGroup section */

/* Begin PBXNativeTarget section */
		E32E3E132A6951B600B865E8 /* NoonMoaApt */ = {
			isa = PBXNativeTarget;
			buildConfigurationList = E32E3E382A6951B700B865E8 /* Build configuration list for PBXNativeTarget "NoonMoaApt" */;
			buildPhases = (
				E32E3E102A6951B600B865E8 /* Sources */,
				E32E3E112A6951B600B865E8 /* Frameworks */,
				E32E3E122A6951B600B865E8 /* Resources */,
			);
			buildRules = (
			);
			dependencies = (
			);
			name = NoonMoaApt;
			packageProductDependencies = (
				E32E3E792A69526600B865E8 /* FirebaseAnalytics */,
				E32E3E7B2A69526600B865E8 /* FirebaseAuth */,
				E32E3E7D2A69526600B865E8 /* FirebaseAuthCombine-Community */,
				E32E3E7F2A69526600B865E8 /* FirebaseFirestore */,
				E32E3E812A69526600B865E8 /* FirebaseFirestoreCombine-Community */,
				E32E3E832A69526600B865E8 /* FirebaseFirestoreSwift */,
				E32E3E852A69526600B865E8 /* FirebaseInAppMessaging-Beta */,
				E32E3E872A69526600B865E8 /* FirebaseInAppMessagingSwift-Beta */,
				E32E3E892A69526600B865E8 /* FirebaseMessaging */,
				E32E3E8C2A69527F00B865E8 /* SwiftUICalendar */,
			);
			productName = NoonMoaApt;
			productReference = E3F739352A6A571600E5F291 /* NoonMoaApt.app */;
			productType = "com.apple.product-type.application";
		};
		E32E3E232A6951B700B865E8 /* NoonMoaAptTests */ = {
			isa = PBXNativeTarget;
			buildConfigurationList = E32E3E3B2A6951B700B865E8 /* Build configuration list for PBXNativeTarget "NoonMoaAptTests" */;
			buildPhases = (
				E32E3E202A6951B700B865E8 /* Sources */,
				E32E3E212A6951B700B865E8 /* Frameworks */,
				E32E3E222A6951B700B865E8 /* Resources */,
			);
			buildRules = (
			);
			dependencies = (
				E32E3E262A6951B700B865E8 /* PBXTargetDependency */,
			);
			name = NoonMoaAptTests;
			productName = NoonMoaAptTests;
			productReference = E32500672A6A5FDA00A24207 /* NoonMoaAptTests.xctest */;
			productType = "com.apple.product-type.bundle.unit-test";
		};
		E32E3E2D2A6951B700B865E8 /* NoonMoaAptUITests */ = {
			isa = PBXNativeTarget;
			buildConfigurationList = E32E3E3E2A6951B700B865E8 /* Build configuration list for PBXNativeTarget "NoonMoaAptUITests" */;
			buildPhases = (
				E32E3E2A2A6951B700B865E8 /* Sources */,
				E32E3E2B2A6951B700B865E8 /* Frameworks */,
				E32E3E2C2A6951B700B865E8 /* Resources */,
			);
			buildRules = (
			);
			dependencies = (
				E32E3E302A6951B700B865E8 /* PBXTargetDependency */,
			);
			name = NoonMoaAptUITests;
			productName = NoonMoaAptUITests;
			productReference = E32500682A6A5FDA00A24207 /* NoonMoaAptUITests.xctest */;
			productType = "com.apple.product-type.bundle.ui-testing";
		};
/* End PBXNativeTarget section */

/* Begin PBXProject section */
		E32E3E0C2A6951B600B865E8 /* Project object */ = {
			isa = PBXProject;
			attributes = {
				BuildIndependentTargetsInParallel = 1;
				LastSwiftUpdateCheck = 1430;
				LastUpgradeCheck = 1430;
				TargetAttributes = {
					E32E3E132A6951B600B865E8 = {
						CreatedOnToolsVersion = 14.3;
					};
					E32E3E232A6951B700B865E8 = {
						CreatedOnToolsVersion = 14.3;
						TestTargetID = E32E3E132A6951B600B865E8;
					};
					E32E3E2D2A6951B700B865E8 = {
						CreatedOnToolsVersion = 14.3;
						TestTargetID = E32E3E132A6951B600B865E8;
					};
				};
			};
			buildConfigurationList = E32E3E0F2A6951B600B865E8 /* Build configuration list for PBXProject "NoonMoaApt" */;
			compatibilityVersion = "Xcode 14.0";
			developmentRegion = en;
			hasScannedForEncodings = 0;
			knownRegions = (
				en,
				Base,
			);
			mainGroup = E32E3E0B2A6951B600B865E8;
			packageReferences = (
				E32E3E782A69526600B865E8 /* XCRemoteSwiftPackageReference "firebase-ios-sdk" */,
				E32E3E8B2A69527F00B865E8 /* XCRemoteSwiftPackageReference "SwiftUICalendar" */,
			);
			productRefGroup = E32E3E0B2A6951B600B865E8;
			projectDirPath = "";
			projectRoot = "";
			targets = (
				E32E3E132A6951B600B865E8 /* NoonMoaApt */,
				E32E3E232A6951B700B865E8 /* NoonMoaAptTests */,
				E32E3E2D2A6951B700B865E8 /* NoonMoaAptUITests */,
			);
		};
/* End PBXProject section */

/* Begin PBXResourcesBuildPhase section */
		E32E3E122A6951B600B865E8 /* Resources */ = {
			isa = PBXResourcesBuildPhase;
			buildActionMask = 2147483647;
			files = (
				E3F739392A6A575F00E5F291 /* Assets.xcassets in Resources */,
				E32E3E1F2A6951B700B865E8 /* Preview Assets.xcassets in Resources */,
				E325006A2A6A624C00A24207 /* GoogleService-Info.plist in Resources */,
			);
			runOnlyForDeploymentPostprocessing = 0;
		};
		E32E3E222A6951B700B865E8 /* Resources */ = {
			isa = PBXResourcesBuildPhase;
			buildActionMask = 2147483647;
			files = (
			);
			runOnlyForDeploymentPostprocessing = 0;
		};
		E32E3E2C2A6951B700B865E8 /* Resources */ = {
			isa = PBXResourcesBuildPhase;
			buildActionMask = 2147483647;
			files = (
			);
			runOnlyForDeploymentPostprocessing = 0;
		};
/* End PBXResourcesBuildPhase section */

/* Begin PBXSourcesBuildPhase section */
		E32E3E102A6951B600B865E8 /* Sources */ = {
			isa = PBXSourcesBuildPhase;
			buildActionMask = 2147483647;
			files = (
				E32E3E6C2A6951CE00B865E8 /* CalendarFullViewModel.swift in Sources */,
				E3F7392D2A6A540000E5F291 /* DayView.swift in Sources */,
				8AD230432A699F4C00C967B5 /* EyeInactive.swift in Sources */,
				E3F739262A6A540000E5F291 /* CalendarDayView.swift in Sources */,
				E3F739232A6A540000E5F291 /* Struct.swift in Sources */,
				DA904E332A6A361700CC14D9 /* StampLargeView.swift in Sources */,
				E3F7392A2A6A540000E5F291 /* CalendarView.swift in Sources */,
				E32E3E712A6951CE00B865E8 /* ViewRouter.swift in Sources */,
				8AD2303D2A699F4C00C967B5 /* SceneButtons.swift in Sources */,
				E32E3E6F2A6951CE00B865E8 /* DummyData.swift in Sources */,
				E3F739252A6A540000E5F291 /* Global.swift in Sources */,
				E3F7392B2A6A540000E5F291 /* CalendarGridView.swift in Sources */,
				8AD230422A699F4C00C967B5 /* EyeActive.swift in Sources */,
				E32E3E652A6951CE00B865E8 /* AttendanceView.swift in Sources */,
				E3CBB3E32A6972F900195326 /* WeatherViewModel.swift in Sources */,
				8AD230442A699F4C00C967B5 /* SceneBackground.swift in Sources */,
				E32E3E722A6951CE00B865E8 /* AttendanceViewModel.swift in Sources */,
				8AD2303F2A699F4C00C967B5 /* FunctionTestView.swift in Sources */,
				8AD230402A699F4C00C967B5 /* SceneRoom.swift in Sources */,
				E32E3E662A6951CE00B865E8 /* LoginView.swift in Sources */,
				E32E3E692A6951CE00B865E8 /* CalendarSingleView.swift in Sources */,
				E32E3E6A2A6951CE00B865E8 /* MainView.swift in Sources */,
				E3F739292A6A540000E5F291 /* InfinitePagerView.swift in Sources */,
				F4A568B12A6A36AC004BD316 /* OnboardingView.swift in Sources */,
				E32E3E672A6951CE00B865E8 /* AptView.swift in Sources */,
				E32E3E642A6951CE00B865E8 /* AttendanceCompletedView.swift in Sources */,
				E3F739282A6A540000E5F291 /* MonthView.swift in Sources */,
				E3F739272A6A540000E5F291 /* CalendarController.swift in Sources */,
				E32E3E182A6951B600B865E8 /* NoonMoaAptApp.swift in Sources */,
				E32E3E6E2A6951CE00B865E8 /* FirebaseModel.swift in Sources */,
				E32E3E702A6951CE00B865E8 /* AttendanceCompletedViewModel.swift in Sources */,
				E3F739342A6A552300E5F291 /* Color+Extension.swift in Sources */,
				E3CBB3EF2A69731700195326 /* EyeTrackViewModel.swift in Sources */,
				E3F7392C2A6A540000E5F291 /* WeekView.swift in Sources */,
				E3F739242A6A540000E5F291 /* CalendarMonthView.swift in Sources */,
				F4A568B32A6A36B3004BD316 /* LottieView.swift in Sources */,
				E32E3E6B2A6951CE00B865E8 /* CalendarSingleController.swift in Sources */,
				E32E3E732A6951CE00B865E8 /* AptViewModel.swift in Sources */,
				E3CBB3E42A6972F900195326 /* TimeViewModel.swift in Sources */,
				8AD2303E2A699F4C00C967B5 /* SceneApt.swift in Sources */,
				DA904E342A6A361700CC14D9 /* StampButtons.swift in Sources */,
				8AD230412A699F4C00C967B5 /* SceneWeather.swift in Sources */,
				E32E3E6D2A6951CE00B865E8 /* LoginViewModel.swift in Sources */,
				E32E3E682A6951CE00B865E8 /* CalendarFullView.swift in Sources */,
			);
			runOnlyForDeploymentPostprocessing = 0;
		};
		E32E3E202A6951B700B865E8 /* Sources */ = {
			isa = PBXSourcesBuildPhase;
			buildActionMask = 2147483647;
			files = (
			);
			runOnlyForDeploymentPostprocessing = 0;
		};
		E32E3E2A2A6951B700B865E8 /* Sources */ = {
			isa = PBXSourcesBuildPhase;
			buildActionMask = 2147483647;
			files = (
			);
			runOnlyForDeploymentPostprocessing = 0;
		};
/* End PBXSourcesBuildPhase section */

/* Begin PBXTargetDependency section */
		E32E3E262A6951B700B865E8 /* PBXTargetDependency */ = {
			isa = PBXTargetDependency;
			target = E32E3E132A6951B600B865E8 /* NoonMoaApt */;
			targetProxy = E32E3E252A6951B700B865E8 /* PBXContainerItemProxy */;
		};
		E32E3E302A6951B700B865E8 /* PBXTargetDependency */ = {
			isa = PBXTargetDependency;
			target = E32E3E132A6951B600B865E8 /* NoonMoaApt */;
			targetProxy = E32E3E2F2A6951B700B865E8 /* PBXContainerItemProxy */;
		};
/* End PBXTargetDependency section */

/* Begin XCBuildConfiguration section */
		E32E3E362A6951B700B865E8 /* Debug */ = {
			isa = XCBuildConfiguration;
			buildSettings = {
				ALWAYS_SEARCH_USER_PATHS = NO;
				CLANG_ANALYZER_NONNULL = YES;
				CLANG_ANALYZER_NUMBER_OBJECT_CONVERSION = YES_AGGRESSIVE;
				CLANG_CXX_LANGUAGE_STANDARD = "gnu++20";
				CLANG_ENABLE_MODULES = YES;
				CLANG_ENABLE_OBJC_ARC = YES;
				CLANG_ENABLE_OBJC_WEAK = YES;
				CLANG_WARN_BLOCK_CAPTURE_AUTORELEASING = YES;
				CLANG_WARN_BOOL_CONVERSION = YES;
				CLANG_WARN_COMMA = YES;
				CLANG_WARN_CONSTANT_CONVERSION = YES;
				CLANG_WARN_DEPRECATED_OBJC_IMPLEMENTATIONS = YES;
				CLANG_WARN_DIRECT_OBJC_ISA_USAGE = YES_ERROR;
				CLANG_WARN_DOCUMENTATION_COMMENTS = YES;
				CLANG_WARN_EMPTY_BODY = YES;
				CLANG_WARN_ENUM_CONVERSION = YES;
				CLANG_WARN_INFINITE_RECURSION = YES;
				CLANG_WARN_INT_CONVERSION = YES;
				CLANG_WARN_NON_LITERAL_NULL_CONVERSION = YES;
				CLANG_WARN_OBJC_IMPLICIT_RETAIN_SELF = YES;
				CLANG_WARN_OBJC_LITERAL_CONVERSION = YES;
				CLANG_WARN_OBJC_ROOT_CLASS = YES_ERROR;
				CLANG_WARN_QUOTED_INCLUDE_IN_FRAMEWORK_HEADER = YES;
				CLANG_WARN_RANGE_LOOP_ANALYSIS = YES;
				CLANG_WARN_STRICT_PROTOTYPES = YES;
				CLANG_WARN_SUSPICIOUS_MOVE = YES;
				CLANG_WARN_UNGUARDED_AVAILABILITY = YES_AGGRESSIVE;
				CLANG_WARN_UNREACHABLE_CODE = YES;
				CLANG_WARN__DUPLICATE_METHOD_MATCH = YES;
				COPY_PHASE_STRIP = NO;
				DEBUG_INFORMATION_FORMAT = dwarf;
				ENABLE_STRICT_OBJC_MSGSEND = YES;
				ENABLE_TESTABILITY = YES;
				GCC_C_LANGUAGE_STANDARD = gnu11;
				GCC_DYNAMIC_NO_PIC = NO;
				GCC_NO_COMMON_BLOCKS = YES;
				GCC_OPTIMIZATION_LEVEL = 0;
				GCC_PREPROCESSOR_DEFINITIONS = (
					"DEBUG=1",
					"$(inherited)",
				);
				GCC_WARN_64_TO_32_BIT_CONVERSION = YES;
				GCC_WARN_ABOUT_RETURN_TYPE = YES_ERROR;
				GCC_WARN_UNDECLARED_SELECTOR = YES;
				GCC_WARN_UNINITIALIZED_AUTOS = YES_AGGRESSIVE;
				GCC_WARN_UNUSED_FUNCTION = YES;
				GCC_WARN_UNUSED_VARIABLE = YES;
				IPHONEOS_DEPLOYMENT_TARGET = 16.4;
				MTL_ENABLE_DEBUG_INFO = INCLUDE_SOURCE;
				MTL_FAST_MATH = YES;
				ONLY_ACTIVE_ARCH = YES;
				SDKROOT = iphoneos;
				SWIFT_ACTIVE_COMPILATION_CONDITIONS = DEBUG;
				SWIFT_OPTIMIZATION_LEVEL = "-Onone";
			};
			name = Debug;
		};
		E32E3E372A6951B700B865E8 /* Release */ = {
			isa = XCBuildConfiguration;
			buildSettings = {
				ALWAYS_SEARCH_USER_PATHS = NO;
				CLANG_ANALYZER_NONNULL = YES;
				CLANG_ANALYZER_NUMBER_OBJECT_CONVERSION = YES_AGGRESSIVE;
				CLANG_CXX_LANGUAGE_STANDARD = "gnu++20";
				CLANG_ENABLE_MODULES = YES;
				CLANG_ENABLE_OBJC_ARC = YES;
				CLANG_ENABLE_OBJC_WEAK = YES;
				CLANG_WARN_BLOCK_CAPTURE_AUTORELEASING = YES;
				CLANG_WARN_BOOL_CONVERSION = YES;
				CLANG_WARN_COMMA = YES;
				CLANG_WARN_CONSTANT_CONVERSION = YES;
				CLANG_WARN_DEPRECATED_OBJC_IMPLEMENTATIONS = YES;
				CLANG_WARN_DIRECT_OBJC_ISA_USAGE = YES_ERROR;
				CLANG_WARN_DOCUMENTATION_COMMENTS = YES;
				CLANG_WARN_EMPTY_BODY = YES;
				CLANG_WARN_ENUM_CONVERSION = YES;
				CLANG_WARN_INFINITE_RECURSION = YES;
				CLANG_WARN_INT_CONVERSION = YES;
				CLANG_WARN_NON_LITERAL_NULL_CONVERSION = YES;
				CLANG_WARN_OBJC_IMPLICIT_RETAIN_SELF = YES;
				CLANG_WARN_OBJC_LITERAL_CONVERSION = YES;
				CLANG_WARN_OBJC_ROOT_CLASS = YES_ERROR;
				CLANG_WARN_QUOTED_INCLUDE_IN_FRAMEWORK_HEADER = YES;
				CLANG_WARN_RANGE_LOOP_ANALYSIS = YES;
				CLANG_WARN_STRICT_PROTOTYPES = YES;
				CLANG_WARN_SUSPICIOUS_MOVE = YES;
				CLANG_WARN_UNGUARDED_AVAILABILITY = YES_AGGRESSIVE;
				CLANG_WARN_UNREACHABLE_CODE = YES;
				CLANG_WARN__DUPLICATE_METHOD_MATCH = YES;
				COPY_PHASE_STRIP = NO;
				DEBUG_INFORMATION_FORMAT = "dwarf-with-dsym";
				ENABLE_NS_ASSERTIONS = NO;
				ENABLE_STRICT_OBJC_MSGSEND = YES;
				GCC_C_LANGUAGE_STANDARD = gnu11;
				GCC_NO_COMMON_BLOCKS = YES;
				GCC_WARN_64_TO_32_BIT_CONVERSION = YES;
				GCC_WARN_ABOUT_RETURN_TYPE = YES_ERROR;
				GCC_WARN_UNDECLARED_SELECTOR = YES;
				GCC_WARN_UNINITIALIZED_AUTOS = YES_AGGRESSIVE;
				GCC_WARN_UNUSED_FUNCTION = YES;
				GCC_WARN_UNUSED_VARIABLE = YES;
				IPHONEOS_DEPLOYMENT_TARGET = 16.4;
				MTL_ENABLE_DEBUG_INFO = NO;
				MTL_FAST_MATH = YES;
				SDKROOT = iphoneos;
				SWIFT_COMPILATION_MODE = wholemodule;
				SWIFT_OPTIMIZATION_LEVEL = "-O";
				VALIDATE_PRODUCT = YES;
			};
			name = Release;
		};
		E32E3E392A6951B700B865E8 /* Debug */ = {
			isa = XCBuildConfiguration;
			buildSettings = {
				ASSETCATALOG_COMPILER_APPICON_NAME = AppIcon;
				ASSETCATALOG_COMPILER_GLOBAL_ACCENT_COLOR_NAME = AccentColor;
				CODE_SIGN_ENTITLEMENTS = NoonMoaApt/NoonMoaApt.entitlements;
				CODE_SIGN_STYLE = Automatic;
				CURRENT_PROJECT_VERSION = 1;
				DEVELOPMENT_ASSET_PATHS = "\"NoonMoaApt/Preview Content\"";
				DEVELOPMENT_TEAM = 79W99PNR3F;
				ENABLE_PREVIEWS = YES;
				GENERATE_INFOPLIST_FILE = YES;
				INFOPLIST_KEY_UIApplicationSceneManifest_Generation = YES;
				INFOPLIST_KEY_UIApplicationSupportsIndirectInputEvents = YES;
				INFOPLIST_KEY_UILaunchScreen_Generation = YES;
				INFOPLIST_KEY_UISupportedInterfaceOrientations_iPad = "UIInterfaceOrientationPortrait UIInterfaceOrientationPortraitUpsideDown UIInterfaceOrientationLandscapeLeft UIInterfaceOrientationLandscapeRight";
				INFOPLIST_KEY_UISupportedInterfaceOrientations_iPhone = "UIInterfaceOrientationPortrait UIInterfaceOrientationLandscapeLeft UIInterfaceOrientationLandscapeRight";
				IPHONEOS_DEPLOYMENT_TARGET = 16.2;
				LD_RUNPATH_SEARCH_PATHS = (
					"$(inherited)",
					"@executable_path/Frameworks",
				);
				MARKETING_VERSION = 1.0;
				PRODUCT_BUNDLE_IDENTIFIER = NoonMoaApt;
				PRODUCT_NAME = "$(TARGET_NAME)";
				SWIFT_EMIT_LOC_STRINGS = YES;
				SWIFT_VERSION = 5.0;
				TARGETED_DEVICE_FAMILY = "1,2";
			};
			name = Debug;
		};
		E32E3E3A2A6951B700B865E8 /* Release */ = {
			isa = XCBuildConfiguration;
			buildSettings = {
				ASSETCATALOG_COMPILER_APPICON_NAME = AppIcon;
				ASSETCATALOG_COMPILER_GLOBAL_ACCENT_COLOR_NAME = AccentColor;
				CODE_SIGN_ENTITLEMENTS = NoonMoaApt/NoonMoaApt.entitlements;
				CODE_SIGN_STYLE = Automatic;
				CURRENT_PROJECT_VERSION = 1;
				DEVELOPMENT_ASSET_PATHS = "\"NoonMoaApt/Preview Content\"";
				DEVELOPMENT_TEAM = 79W99PNR3F;
				ENABLE_PREVIEWS = YES;
				GENERATE_INFOPLIST_FILE = YES;
				INFOPLIST_KEY_UIApplicationSceneManifest_Generation = YES;
				INFOPLIST_KEY_UIApplicationSupportsIndirectInputEvents = YES;
				INFOPLIST_KEY_UILaunchScreen_Generation = YES;
				INFOPLIST_KEY_UISupportedInterfaceOrientations_iPad = "UIInterfaceOrientationPortrait UIInterfaceOrientationPortraitUpsideDown UIInterfaceOrientationLandscapeLeft UIInterfaceOrientationLandscapeRight";
				INFOPLIST_KEY_UISupportedInterfaceOrientations_iPhone = "UIInterfaceOrientationPortrait UIInterfaceOrientationLandscapeLeft UIInterfaceOrientationLandscapeRight";
				IPHONEOS_DEPLOYMENT_TARGET = 16.2;
				LD_RUNPATH_SEARCH_PATHS = (
					"$(inherited)",
					"@executable_path/Frameworks",
				);
				MARKETING_VERSION = 1.0;
				PRODUCT_BUNDLE_IDENTIFIER = NoonMoaApt;
				PRODUCT_NAME = "$(TARGET_NAME)";
				SWIFT_EMIT_LOC_STRINGS = YES;
				SWIFT_VERSION = 5.0;
				TARGETED_DEVICE_FAMILY = "1,2";
			};
			name = Release;
		};
		E32E3E3C2A6951B700B865E8 /* Debug */ = {
			isa = XCBuildConfiguration;
			buildSettings = {
				ALWAYS_EMBED_SWIFT_STANDARD_LIBRARIES = YES;
				BUNDLE_LOADER = "$(TEST_HOST)";
				CODE_SIGN_STYLE = Automatic;
				CURRENT_PROJECT_VERSION = 1;
				DEVELOPMENT_TEAM = 8H4K6TKQBU;
				GENERATE_INFOPLIST_FILE = YES;
				IPHONEOS_DEPLOYMENT_TARGET = 16.4;
				MARKETING_VERSION = 1.0;
				PRODUCT_BUNDLE_IDENTIFIER = swift.NoonMoaAptTests;
				PRODUCT_NAME = "$(TARGET_NAME)";
				SWIFT_EMIT_LOC_STRINGS = NO;
				SWIFT_VERSION = 5.0;
				TARGETED_DEVICE_FAMILY = "1,2";
				TEST_HOST = "$(BUILT_PRODUCTS_DIR)/NoonMoaApt.app/$(BUNDLE_EXECUTABLE_FOLDER_PATH)/NoonMoaApt";
			};
			name = Debug;
		};
		E32E3E3D2A6951B700B865E8 /* Release */ = {
			isa = XCBuildConfiguration;
			buildSettings = {
				ALWAYS_EMBED_SWIFT_STANDARD_LIBRARIES = YES;
				BUNDLE_LOADER = "$(TEST_HOST)";
				CODE_SIGN_STYLE = Automatic;
				CURRENT_PROJECT_VERSION = 1;
				DEVELOPMENT_TEAM = 8H4K6TKQBU;
				GENERATE_INFOPLIST_FILE = YES;
				IPHONEOS_DEPLOYMENT_TARGET = 16.4;
				MARKETING_VERSION = 1.0;
				PRODUCT_BUNDLE_IDENTIFIER = swift.NoonMoaAptTests;
				PRODUCT_NAME = "$(TARGET_NAME)";
				SWIFT_EMIT_LOC_STRINGS = NO;
				SWIFT_VERSION = 5.0;
				TARGETED_DEVICE_FAMILY = "1,2";
				TEST_HOST = "$(BUILT_PRODUCTS_DIR)/NoonMoaApt.app/$(BUNDLE_EXECUTABLE_FOLDER_PATH)/NoonMoaApt";
			};
			name = Release;
		};
		E32E3E3F2A6951B700B865E8 /* Debug */ = {
			isa = XCBuildConfiguration;
			buildSettings = {
				ALWAYS_EMBED_SWIFT_STANDARD_LIBRARIES = YES;
				CODE_SIGN_STYLE = Automatic;
				CURRENT_PROJECT_VERSION = 1;
				DEVELOPMENT_TEAM = 8H4K6TKQBU;
				GENERATE_INFOPLIST_FILE = YES;
				MARKETING_VERSION = 1.0;
				PRODUCT_BUNDLE_IDENTIFIER = swift.NoonMoaAptUITests;
				PRODUCT_NAME = "$(TARGET_NAME)";
				SWIFT_EMIT_LOC_STRINGS = NO;
				SWIFT_VERSION = 5.0;
				TARGETED_DEVICE_FAMILY = "1,2";
				TEST_TARGET_NAME = NoonMoaApt;
			};
			name = Debug;
		};
		E32E3E402A6951B700B865E8 /* Release */ = {
			isa = XCBuildConfiguration;
			buildSettings = {
				ALWAYS_EMBED_SWIFT_STANDARD_LIBRARIES = YES;
				CODE_SIGN_STYLE = Automatic;
				CURRENT_PROJECT_VERSION = 1;
				DEVELOPMENT_TEAM = 8H4K6TKQBU;
				GENERATE_INFOPLIST_FILE = YES;
				MARKETING_VERSION = 1.0;
				PRODUCT_BUNDLE_IDENTIFIER = swift.NoonMoaAptUITests;
				PRODUCT_NAME = "$(TARGET_NAME)";
				SWIFT_EMIT_LOC_STRINGS = NO;
				SWIFT_VERSION = 5.0;
				TARGETED_DEVICE_FAMILY = "1,2";
				TEST_TARGET_NAME = NoonMoaApt;
			};
			name = Release;
		};
/* End XCBuildConfiguration section */

/* Begin XCConfigurationList section */
		E32E3E0F2A6951B600B865E8 /* Build configuration list for PBXProject "NoonMoaApt" */ = {
			isa = XCConfigurationList;
			buildConfigurations = (
				E32E3E362A6951B700B865E8 /* Debug */,
				E32E3E372A6951B700B865E8 /* Release */,
			);
			defaultConfigurationIsVisible = 0;
			defaultConfigurationName = Release;
		};
		E32E3E382A6951B700B865E8 /* Build configuration list for PBXNativeTarget "NoonMoaApt" */ = {
			isa = XCConfigurationList;
			buildConfigurations = (
				E32E3E392A6951B700B865E8 /* Debug */,
				E32E3E3A2A6951B700B865E8 /* Release */,
			);
			defaultConfigurationIsVisible = 0;
			defaultConfigurationName = Release;
		};
		E32E3E3B2A6951B700B865E8 /* Build configuration list for PBXNativeTarget "NoonMoaAptTests" */ = {
			isa = XCConfigurationList;
			buildConfigurations = (
				E32E3E3C2A6951B700B865E8 /* Debug */,
				E32E3E3D2A6951B700B865E8 /* Release */,
			);
			defaultConfigurationIsVisible = 0;
			defaultConfigurationName = Release;
		};
		E32E3E3E2A6951B700B865E8 /* Build configuration list for PBXNativeTarget "NoonMoaAptUITests" */ = {
			isa = XCConfigurationList;
			buildConfigurations = (
				E32E3E3F2A6951B700B865E8 /* Debug */,
				E32E3E402A6951B700B865E8 /* Release */,
			);
			defaultConfigurationIsVisible = 0;
			defaultConfigurationName = Release;
		};
/* End XCConfigurationList section */

/* Begin XCRemoteSwiftPackageReference section */
		E32E3E782A69526600B865E8 /* XCRemoteSwiftPackageReference "firebase-ios-sdk" */ = {
			isa = XCRemoteSwiftPackageReference;
			repositoryURL = "https://github.com/firebase/firebase-ios-sdk";
			requirement = {
				kind = upToNextMajorVersion;
				minimumVersion = 10.0.0;
			};
		};
		E32E3E8B2A69527F00B865E8 /* XCRemoteSwiftPackageReference "SwiftUICalendar" */ = {
			isa = XCRemoteSwiftPackageReference;
			repositoryURL = "https://github.com/GGJJack/SwiftUICalendar";
			requirement = {
				kind = upToNextMajorVersion;
				minimumVersion = 0.1.14;
			};
		};
/* End XCRemoteSwiftPackageReference section */

/* Begin XCSwiftPackageProductDependency section */
		E32E3E792A69526600B865E8 /* FirebaseAnalytics */ = {
			isa = XCSwiftPackageProductDependency;
			package = E32E3E782A69526600B865E8 /* XCRemoteSwiftPackageReference "firebase-ios-sdk" */;
			productName = FirebaseAnalytics;
		};
		E32E3E7B2A69526600B865E8 /* FirebaseAuth */ = {
			isa = XCSwiftPackageProductDependency;
			package = E32E3E782A69526600B865E8 /* XCRemoteSwiftPackageReference "firebase-ios-sdk" */;
			productName = FirebaseAuth;
		};
		E32E3E7D2A69526600B865E8 /* FirebaseAuthCombine-Community */ = {
			isa = XCSwiftPackageProductDependency;
			package = E32E3E782A69526600B865E8 /* XCRemoteSwiftPackageReference "firebase-ios-sdk" */;
			productName = "FirebaseAuthCombine-Community";
		};
		E32E3E7F2A69526600B865E8 /* FirebaseFirestore */ = {
			isa = XCSwiftPackageProductDependency;
			package = E32E3E782A69526600B865E8 /* XCRemoteSwiftPackageReference "firebase-ios-sdk" */;
			productName = FirebaseFirestore;
		};
		E32E3E812A69526600B865E8 /* FirebaseFirestoreCombine-Community */ = {
			isa = XCSwiftPackageProductDependency;
			package = E32E3E782A69526600B865E8 /* XCRemoteSwiftPackageReference "firebase-ios-sdk" */;
			productName = "FirebaseFirestoreCombine-Community";
		};
		E32E3E832A69526600B865E8 /* FirebaseFirestoreSwift */ = {
			isa = XCSwiftPackageProductDependency;
			package = E32E3E782A69526600B865E8 /* XCRemoteSwiftPackageReference "firebase-ios-sdk" */;
			productName = FirebaseFirestoreSwift;
		};
		E32E3E852A69526600B865E8 /* FirebaseInAppMessaging-Beta */ = {
			isa = XCSwiftPackageProductDependency;
			package = E32E3E782A69526600B865E8 /* XCRemoteSwiftPackageReference "firebase-ios-sdk" */;
			productName = "FirebaseInAppMessaging-Beta";
		};
		E32E3E872A69526600B865E8 /* FirebaseInAppMessagingSwift-Beta */ = {
			isa = XCSwiftPackageProductDependency;
			package = E32E3E782A69526600B865E8 /* XCRemoteSwiftPackageReference "firebase-ios-sdk" */;
			productName = "FirebaseInAppMessagingSwift-Beta";
		};
		E32E3E892A69526600B865E8 /* FirebaseMessaging */ = {
			isa = XCSwiftPackageProductDependency;
			package = E32E3E782A69526600B865E8 /* XCRemoteSwiftPackageReference "firebase-ios-sdk" */;
			productName = FirebaseMessaging;
		};
		E32E3E8C2A69527F00B865E8 /* SwiftUICalendar */ = {
			isa = XCSwiftPackageProductDependency;
			package = E32E3E8B2A69527F00B865E8 /* XCRemoteSwiftPackageReference "SwiftUICalendar" */;
			productName = SwiftUICalendar;
		};
/* End XCSwiftPackageProductDependency section */
	};
	rootObject = E32E3E0C2A6951B600B865E8 /* Project object */;
}
